
Microsoft Visual Studio Solution File, Format Version 12.00
# Visual Studio Version 17
VisualStudioVersion = 17.14.36109.1 d17.14
MinimumVisualStudioVersion = 10.0.40219.1
Project("{FAE04EC0-301F-11D3-BF4B-00C04F79EFBC}") = "LoginHashSalt", "LoginHashSalt\LoginHashSalt.csproj", "{E260D8B9-FFDC-4A13-9582-E2B08871C852}"
EndProject
Global
	GlobalSection(SolutionConfigurationPlatforms) = preSolution
		Debug|Any CPU = Debug|Any CPU
		Release|Any CPU = Release|Any CPU
	EndGlobalSection
	GlobalSection(ProjectConfigurationPlatforms) = postSolution
		{E260D8B9-FFDC-4A13-9582-E2B08871C852}.Debug|Any CPU.ActiveCfg = Debug|Any CPU
		{E260D8B9-FFDC-4A13-9582-E2B08871C852}.Debug|Any CPU.Build.0 = Debug|Any CPU
		{E260D8B9-FFDC-4A13-9582-E2B08871C852}.Release|Any CPU.ActiveCfg = Release|Any CPU
		{E260D8B9-FFDC-4A13-9582-E2B08871C852}.Release|Any CPU.Build.0 = Release|Any CPU
	EndGlobalSection
	GlobalSection(SolutionProperties) = preSolution
		HideSolutionNode = FALSE
	EndGlobalSection
	GlobalSection(ExtensibilityGlobals) = postSolution
		SolutionGuid = {8913A0EB-90A6-4348-A102-598D16ABC132}
	EndGlobalSection
EndGlobal
